
Microsoft Visual Studio Solution File, Format Version 12.00
# Visual Studio 15
VisualStudioVersion = 15.0.27703.2042
MinimumVisualStudioVersion = 10.0.40219.1
Project("{9A19103F-16F7-4668-BE54-9A1E7A4F7556}") = "IntakeApi", "IntakeApi\IntakeApi.csproj", "{8AA79893-8784-48CA-9126-1CF94563AEA2}"
EndProject
Global
	GlobalSection(SolutionConfigurationPlatforms) = preSolution
		Debug|Any CPU = Debug|Any CPU
		Release|Any CPU = Release|Any CPU
	EndGlobalSection
	GlobalSection(ProjectConfigurationPlatforms) = postSolution
		{8AA79893-8784-48CA-9126-1CF94563AEA2}.Debug|Any CPU.ActiveCfg = Debug|Any CPU
		{8AA79893-8784-48CA-9126-1CF94563AEA2}.Debug|Any CPU.Build.0 = Debug|Any CPU
		{8AA79893-8784-48CA-9126-1CF94563AEA2}.Release|Any CPU.ActiveCfg = Release|Any CPU
		{8AA79893-8784-48CA-9126-1CF94563AEA2}.Release|Any CPU.Build.0 = Release|Any CPU
	EndGlobalSection
	GlobalSection(SolutionProperties) = preSolution
		HideSolutionNode = FALSE
	EndGlobalSection
	GlobalSection(ExtensibilityGlobals) = postSolution
		SolutionGuid = {DFC97D46-47F4-484E-83DC-FA2DDB93E414}
	EndGlobalSection
EndGlobal
